// !$*UTF8*$!
{
	archiveVersion = 1;
	classes = {
	};
	objectVersion = 56;
	objects = {

/* Begin PBXBuildFile section */
		130308D42A991BDA009B3B71 /* BookshelfApp.swift in Sources */ = {isa = PBXBuildFile; fileRef = 130308D32A991BDA009B3B71 /* BookshelfApp.swift */; };
		130308D62A991BDA009B3B71 /* ContentView.swift in Sources */ = {isa = PBXBuildFile; fileRef = 130308D52A991BDA009B3B71 /* ContentView.swift */; };
		130308D82A991BDB009B3B71 /* Assets.xcassets in Resources */ = {isa = PBXBuildFile; fileRef = 130308D72A991BDB009B3B71 /* Assets.xcassets */; };
		130308DB2A991BDB009B3B71 /* Preview Assets.xcassets in Resources */ = {isa = PBXBuildFile; fileRef = 130308DA2A991BDB009B3B71 /* Preview Assets.xcassets */; };
		130308E52A991BDB009B3B71 /* BookshelfTests.swift in Sources */ = {isa = PBXBuildFile; fileRef = 130308E42A991BDB009B3B71 /* BookshelfTests.swift */; };
		130308EF2A991BDB009B3B71 /* BookshelfUITests.swift in Sources */ = {isa = PBXBuildFile; fileRef = 130308EE2A991BDB009B3B71 /* BookshelfUITests.swift */; };
		130308F12A991BDB009B3B71 /* BookshelfUITestsLaunchTests.swift in Sources */ = {isa = PBXBuildFile; fileRef = 130308F02A991BDB009B3B71 /* BookshelfUITestsLaunchTests.swift */; };
/* End PBXBuildFile section */

/* Begin PBXContainerItemProxy section */
		130308E12A991BDB009B3B71 /* PBXContainerItemProxy */ = {
			isa = PBXContainerItemProxy;
			containerPortal = 130308C82A991BDA009B3B71 /* Project object */;
			proxyType = 1;
			remoteGlobalIDString = 130308CF2A991BDA009B3B71;
			remoteInfo = Bookshelf;
		};
		130308EB2A991BDB009B3B71 /* PBXContainerItemProxy */ = {
			isa = PBXContainerItemProxy;
			containerPortal = 130308C82A991BDA009B3B71 /* Project object */;
			proxyType = 1;
			remoteGlobalIDString = 130308CF2A991BDA009B3B71;
			remoteInfo = Bookshelf;
		};
/* End PBXContainerItemProxy section */

/* Begin PBXFileReference section */
		130308D02A991BDA009B3B71 /* Bookshelf.app */ = {isa = PBXFileReference; explicitFileType = wrapper.application; includeInIndex = 0; path = Bookshelf.app; sourceTree = BUILT_PRODUCTS_DIR; };
		130308D32A991BDA009B3B71 /* BookshelfApp.swift */ = {isa = PBXFileReference; lastKnownFileType = sourcecode.swift; path = BookshelfApp.swift; sourceTree = "<group>"; };
		130308D52A991BDA009B3B71 /* ContentView.swift */ = {isa = PBXFileReference; lastKnownFileType = sourcecode.swift; path = ContentView.swift; sourceTree = "<group>"; };
		130308D72A991BDB009B3B71 /* Assets.xcassets */ = {isa = PBXFileReference; lastKnownFileType = folder.assetcatalog; path = Assets.xcassets; sourceTree = "<group>"; };
		130308DA2A991BDB009B3B71 /* Preview Assets.xcassets */ = {isa = PBXFileReference; lastKnownFileType = folder.assetcatalog; path = "Preview Assets.xcassets"; sourceTree = "<group>"; };
		130308E02A991BDB009B3B71 /* BookshelfTests.xctest */ = {isa = PBXFileReference; explicitFileType = wrapper.cfbundle; includeInIndex = 0; path = BookshelfTests.xctest; sourceTree = BUILT_PRODUCTS_DIR; };
		130308E42A991BDB009B3B71 /* BookshelfTests.swift */ = {isa = PBXFileReference; lastKnownFileType = sourcecode.swift; path = BookshelfTests.swift; sourceTree = "<group>"; };
		130308EA2A991BDB009B3B71 /* BookshelfUITests.xctest */ = {isa = PBXFileReference; explicitFileType = wrapper.cfbundle; includeInIndex = 0; path = BookshelfUITests.xctest; sourceTree = BUILT_PRODUCTS_DIR; };
		130308EE2A991BDB009B3B71 /* BookshelfUITests.swift */ = {isa = PBXFileReference; lastKnownFileType = sourcecode.swift; path = BookshelfUITests.swift; sourceTree = "<group>"; };
		130308F02A991BDB009B3B71 /* BookshelfUITestsLaunchTests.swift */ = {isa = PBXFileReference; lastKnownFileType = sourcecode.swift; path = BookshelfUITestsLaunchTests.swift; sourceTree = "<group>"; };
/* End PBXFileReference section */

/* Begin PBXFrameworksBuildPhase section */
		130308CD2A991BDA009B3B71 /* Frameworks */ = {
			isa = PBXFrameworksBuildPhase;
			buildActionMask = 2147483647;
			files = (
			);
			runOnlyForDeploymentPostprocessing = 0;
		};
		130308DD2A991BDB009B3B71 /* Frameworks */ = {
			isa = PBXFrameworksBuildPhase;
			buildActionMask = 2147483647;
			files = (
			);
			runOnlyForDeploymentPostprocessing = 0;
		};
		130308E72A991BDB009B3B71 /* Frameworks */ = {
			isa = PBXFrameworksBuildPhase;
			buildActionMask = 2147483647;
			files = (
			);
			runOnlyForDeploymentPostprocessing = 0;
		};
/* End PBXFrameworksBuildPhase section */

/* Begin PBXGroup section */
		130308C72A991BDA009B3B71 = {
			isa = PBXGroup;
			children = (
				130308D22A991BDA009B3B71 /* Bookshelf */,
				130308E32A991BDB009B3B71 /* BookshelfTests */,
				130308ED2A991BDB009B3B71 /* BookshelfUITests */,
				130308D12A991BDA009B3B71 /* Products */,
			);
			sourceTree = "<group>";
		};
		130308D12A991BDA009B3B71 /* Products */ = {
			isa = PBXGroup;
			children = (
				130308D02A991BDA009B3B71 /* Bookshelf.app */,
				130308E02A991BDB009B3B71 /* BookshelfTests.xctest */,
				130308EA2A991BDB009B3B71 /* BookshelfUITests.xctest */,
			);
			name = Products;
			sourceTree = "<group>";
		};
		130308D22A991BDA009B3B71 /* Bookshelf */ = {
			isa = PBXGroup;
			children = (
				130308D32A991BDA009B3B71 /* BookshelfApp.swift */,
				130308D52A991BDA009B3B71 /* ContentView.swift */,
				130308D72A991BDB009B3B71 /* Assets.xcassets */,
				130308D92A991BDB009B3B71 /* Preview Content */,
			);
			path = Bookshelf;
			sourceTree = "<group>";
		};
		130308D92A991BDB009B3B71 /* Preview Content */ = {
			isa = PBXGroup;
			children = (
				130308DA2A991BDB009B3B71 /* Preview Assets.xcassets */,
			);
			path = "Preview Content";
			sourceTree = "<group>";
		};
		130308E32A991BDB009B3B71 /* BookshelfTests */ = {
			isa = PBXGroup;
			children = (
				130308E42A991BDB009B3B71 /* BookshelfTests.swift */,
			);
			path = BookshelfTests;
			sourceTree = "<group>";
		};
		130308ED2A991BDB009B3B71 /* BookshelfUITests */ = {
			isa = PBXGroup;
			children = (
				130308EE2A991BDB009B3B71 /* BookshelfUITests.swift */,
				130308F02A991BDB009B3B71 /* BookshelfUITestsLaunchTests.swift */,
			);
			path = BookshelfUITests;
			sourceTree = "<group>";
		};
/* End PBXGroup section */

/* Begin PBXNativeTarget section */
		130308CF2A991BDA009B3B71 /* Bookshelf */ = {
			isa = PBXNativeTarget;
			buildConfigurationList = 130308F42A991BDB009B3B71 /* Build configuration list for PBXNativeTarget "Bookshelf" */;
			buildPhases = (
				130308CC2A991BDA009B3B71 /* Sources */,
				130308CD2A991BDA009B3B71 /* Frameworks */,
				130308CE2A991BDA009B3B71 /* Resources */,
			);
			buildRules = (
			);
			dependencies = (
			);
			name = Bookshelf;
			productName = Bookshelf;
			productReference = 130308D02A991BDA009B3B71 /* Bookshelf.app */;
			productType = "com.apple.product-type.application";
		};
		130308DF2A991BDB009B3B71 /* BookshelfTests */ = {
			isa = PBXNativeTarget;
			buildConfigurationList = 130308F72A991BDB009B3B71 /* Build configuration list for PBXNativeTarget "BookshelfTests" */;
			buildPhases = (
				130308DC2A991BDB009B3B71 /* Sources */,
				130308DD2A991BDB009B3B71 /* Frameworks */,
				130308DE2A991BDB009B3B71 /* Resources */,
			);
			buildRules = (
			);
			dependencies = (
				130308E22A991BDB009B3B71 /* PBXTargetDependency */,
			);
			name = BookshelfTests;
			productName = BookshelfTests;
			productReference = 130308E02A991BDB009B3B71 /* BookshelfTests.xctest */;
			productType = "com.apple.product-type.bundle.unit-test";
		};
		130308E92A991BDB009B3B71 /* BookshelfUITests */ = {
			isa = PBXNativeTarget;
			buildConfigurationList = 130308FA2A991BDB009B3B71 /* Build configuration list for PBXNativeTarget "BookshelfUITests" */;
			buildPhases = (
				130308E62A991BDB009B3B71 /* Sources */,
				130308E72A991BDB009B3B71 /* Frameworks */,
				130308E82A991BDB009B3B71 /* Resources */,
			);
			buildRules = (
			);
			dependencies = (
				130308EC2A991BDB009B3B71 /* PBXTargetDependency */,
			);
			name = BookshelfUITests;
			productName = BookshelfUITests;
			productReference = 130308EA2A991BDB009B3B71 /* BookshelfUITests.xctest */;
			productType = "com.apple.product-type.bundle.ui-testing";
		};
/* End PBXNativeTarget section */

/* Begin PBXProject section */
		130308C82A991BDA009B3B71 /* Project object */ = {
			isa = PBXProject;
			attributes = {
				BuildIndependentTargetsInParallel = 1;
				LastSwiftUpdateCheck = 1430;
				LastUpgradeCheck = 1430;
				TargetAttributes = {
					130308CF2A991BDA009B3B71 = {
						CreatedOnToolsVersion = 14.3.1;
					};
					130308DF2A991BDB009B3B71 = {
						CreatedOnToolsVersion = 14.3.1;
						TestTargetID = 130308CF2A991BDA009B3B71;
					};
					130308E92A991BDB009B3B71 = {
						CreatedOnToolsVersion = 14.3.1;
						TestTargetID = 130308CF2A991BDA009B3B71;
					};
				};
			};
			buildConfigurationList = 130308CB2A991BDA009B3B71 /* Build configuration list for PBXProject "Bookshelf" */;
			compatibilityVersion = "Xcode 14.0";
			developmentRegion = en;
			hasScannedForEncodings = 0;
			knownRegions = (
				en,
				Base,
			);
			mainGroup = 130308C72A991BDA009B3B71;
			productRefGroup = 130308D12A991BDA009B3B71 /* Products */;
			projectDirPath = "";
			projectRoot = "";
			targets = (
				130308CF2A991BDA009B3B71 /* Bookshelf */,
				130308DF2A991BDB009B3B71 /* BookshelfTests */,
				130308E92A991BDB009B3B71 /* BookshelfUITests */,
			);
		};
/* End PBXProject section */

/* Begin PBXResourcesBuildPhase section */
		130308CE2A991BDA009B3B71 /* Resources */ = {
			isa = PBXResourcesBuildPhase;
			buildActionMask = 2147483647;
			files = (
				130308DB2A991BDB009B3B71 /* Preview Assets.xcassets in Resources */,
				130308D82A991BDB009B3B71 /* Assets.xcassets in Resources */,
			);
			runOnlyForDeploymentPostprocessing = 0;
		};
		130308DE2A991BDB009B3B71 /* Resources */ = {
			isa = PBXResourcesBuildPhase;
			buildActionMask = 2147483647;
			files = (
			);
			runOnlyForDeploymentPostprocessing = 0;
		};
		130308E82A991BDB009B3B71 /* Resources */ = {
			isa = PBXResourcesBuildPhase;
			buildActionMask = 2147483647;
			files = (
			);
			runOnlyForDeploymentPostprocessing = 0;
		};
/* End PBXResourcesBuildPhase section */

/* Begin PBXSourcesBuildPhase section */
		130308CC2A991BDA009B3B71 /* Sources */ = {
			isa = PBXSourcesBuildPhase;
			buildActionMask = 2147483647;
			files = (
				130308D62A991BDA009B3B71 /* ContentView.swift in Sources */,
				130308D42A991BDA009B3B71 /* BookshelfApp.swift in Sources */,
			);
			runOnlyForDeploymentPostprocessing = 0;
		};
		130308DC2A991BDB009B3B71 /* Sources */ = {
			isa = PBXSourcesBuildPhase;
			buildActionMask = 2147483647;
			files = (
				130308E52A991BDB009B3B71 /* BookshelfTests.swift in Sources */,
			);
			runOnlyForDeploymentPostprocessing = 0;
		};
		130308E62A991BDB009B3B71 /* Sources */ = {
			isa = PBXSourcesBuildPhase;
			buildActionMask = 2147483647;
			files = (
				130308F12A991BDB009B3B71 /* BookshelfUITestsLaunchTests.swift in Sources */,
				130308EF2A991BDB009B3B71 /* BookshelfUITests.swift in Sources */,
			);
			runOnlyForDeploymentPostprocessing = 0;
		};
/* End PBXSourcesBuildPhase section */

/* Begin PBXTargetDependency section */
		130308E22A991BDB009B3B71 /* PBXTargetDependency */ = {
			isa = PBXTargetDependency;
			target = 130308CF2A991BDA009B3B71 /* Bookshelf */;
			targetProxy = 130308E12A991BDB009B3B71 /* PBXContainerItemProxy */;
		};
		130308EC2A991BDB009B3B71 /* PBXTargetDependency */ = {
			isa = PBXTargetDependency;
			target = 130308CF2A991BDA009B3B71 /* Bookshelf */;
			targetProxy = 130308EB2A991BDB009B3B71 /* PBXContainerItemProxy */;
		};
/* End PBXTargetDependency section */

/* Begin XCBuildConfiguration section */
		130308F22A991BDB009B3B71 /* Debug */ = {
			isa = XCBuildConfiguration;
			buildSettings = {
				ALWAYS_SEARCH_USER_PATHS = NO;
				CLANG_ANALYZER_NONNULL = YES;
				CLANG_ANALYZER_NUMBER_OBJECT_CONVERSION = YES_AGGRESSIVE;
				CLANG_CXX_LANGUAGE_STANDARD = "gnu++20";
				CLANG_ENABLE_MODULES = YES;
				CLANG_ENABLE_OBJC_ARC = YES;
				CLANG_ENABLE_OBJC_WEAK = YES;
				CLANG_WARN_BLOCK_CAPTURE_AUTORELEASING = YES;
				CLANG_WARN_BOOL_CONVERSION = YES;
				CLANG_WARN_COMMA = YES;
				CLANG_WARN_CONSTANT_CONVERSION = YES;
				CLANG_WARN_DEPRECATED_OBJC_IMPLEMENTATIONS = YES;
				CLANG_WARN_DIRECT_OBJC_ISA_USAGE = YES_ERROR;
				CLANG_WARN_DOCUMENTATION_COMMENTS = YES;
				CLANG_WARN_EMPTY_BODY = YES;
				CLANG_WARN_ENUM_CONVERSION = YES;
				CLANG_WARN_INFINITE_RECURSION = YES;
				CLANG_WARN_INT_CONVERSION = YES;
				CLANG_WARN_NON_LITERAL_NULL_CONVERSION = YES;
				CLANG_WARN_OBJC_IMPLICIT_RETAIN_SELF = YES;
				CLANG_WARN_OBJC_LITERAL_CONVERSION = YES;
				CLANG_WARN_OBJC_ROOT_CLASS = YES_ERROR;
				CLANG_WARN_QUOTED_INCLUDE_IN_FRAMEWORK_HEADER = YES;
				CLANG_WARN_RANGE_LOOP_ANALYSIS = YES;
				CLANG_WARN_STRICT_PROTOTYPES = YES;
				CLANG_WARN_SUSPICIOUS_MOVE = YES;
				CLANG_WARN_UNGUARDED_AVAILABILITY = YES_AGGRESSIVE;
				CLANG_WARN_UNREACHABLE_CODE = YES;
				CLANG_WARN__DUPLICATE_METHOD_MATCH = YES;
				COPY_PHASE_STRIP = NO;
				DEBUG_INFORMATION_FORMAT = dwarf;
				ENABLE_STRICT_OBJC_MSGSEND = YES;
				ENABLE_TESTABILITY = YES;
				GCC_C_LANGUAGE_STANDARD = gnu11;
				GCC_DYNAMIC_NO_PIC = NO;
				GCC_NO_COMMON_BLOCKS = YES;
				GCC_OPTIMIZATION_LEVEL = 0;
				GCC_PREPROCESSOR_DEFINITIONS = (
					"DEBUG=1",
					"$(inherited)",
				);
				GCC_WARN_64_TO_32_BIT_CONVERSION = YES;
				GCC_WARN_ABOUT_RETURN_TYPE = YES_ERROR;
				GCC_WARN_UNDECLARED_SELECTOR = YES;
				GCC_WARN_UNINITIALIZED_AUTOS = YES_AGGRESSIVE;
				GCC_WARN_UNUSED_FUNCTION = YES;
				GCC_WARN_UNUSED_VARIABLE = YES;
				IPHONEOS_DEPLOYMENT_TARGET = 16.4;
				MTL_ENABLE_DEBUG_INFO = INCLUDE_SOURCE;
				MTL_FAST_MATH = YES;
				ONLY_ACTIVE_ARCH = YES;
				SDKROOT = iphoneos;
				SWIFT_ACTIVE_COMPILATION_CONDITIONS = DEBUG;
				SWIFT_OPTIMIZATION_LEVEL = "-Onone";
			};
			name = Debug;
		};
		130308F32A991BDB009B3B71 /* Release */ = {
			isa = XCBuildConfiguration;
			buildSettings = {
				ALWAYS_SEARCH_USER_PATHS = NO;
				CLANG_ANALYZER_NONNULL = YES;
				CLANG_ANALYZER_NUMBER_OBJECT_CONVERSION = YES_AGGRESSIVE;
				CLANG_CXX_LANGUAGE_STANDARD = "gnu++20";
				CLANG_ENABLE_MODULES = YES;
				CLANG_ENABLE_OBJC_ARC = YES;
				CLANG_ENABLE_OBJC_WEAK = YES;
				CLANG_WARN_BLOCK_CAPTURE_AUTORELEASING = YES;
				CLANG_WARN_BOOL_CONVERSION = YES;
				CLANG_WARN_COMMA = YES;
				CLANG_WARN_CONSTANT_CONVERSION = YES;
				CLANG_WARN_DEPRECATED_OBJC_IMPLEMENTATIONS = YES;
				CLANG_WARN_DIRECT_OBJC_ISA_USAGE = YES_ERROR;
				CLANG_WARN_DOCUMENTATION_COMMENTS = YES;
				CLANG_WARN_EMPTY_BODY = YES;
				CLANG_WARN_ENUM_CONVERSION = YES;
				CLANG_WARN_INFINITE_RECURSION = YES;
				CLANG_WARN_INT_CONVERSION = YES;
				CLANG_WARN_NON_LITERAL_NULL_CONVERSION = YES;
				CLANG_WARN_OBJC_IMPLICIT_RETAIN_SELF = YES;
				CLANG_WARN_OBJC_LITERAL_CONVERSION = YES;
				CLANG_WARN_OBJC_ROOT_CLASS = YES_ERROR;
				CLANG_WARN_QUOTED_INCLUDE_IN_FRAMEWORK_HEADER = YES;
				CLANG_WARN_RANGE_LOOP_ANALYSIS = YES;
				CLANG_WARN_STRICT_PROTOTYPES = YES;
				CLANG_WARN_SUSPICIOUS_MOVE = YES;
				CLANG_WARN_UNGUARDED_AVAILABILITY = YES_AGGRESSIVE;
				CLANG_WARN_UNREACHABLE_CODE = YES;
				CLANG_WARN__DUPLICATE_METHOD_MATCH = YES;
				COPY_PHASE_STRIP = NO;
				DEBUG_INFORMATION_FORMAT = "dwarf-with-dsym";
				ENABLE_NS_ASSERTIONS = NO;
				ENABLE_STRICT_OBJC_MSGSEND = YES;
				GCC_C_LANGUAGE_STANDARD = gnu11;
				GCC_NO_COMMON_BLOCKS = YES;
				GCC_WARN_64_TO_32_BIT_CONVERSION = YES;
				GCC_WARN_ABOUT_RETURN_TYPE = YES_ERROR;
				GCC_WARN_UNDECLARED_SELECTOR = YES;
				GCC_WARN_UNINITIALIZED_AUTOS = YES_AGGRESSIVE;
				GCC_WARN_UNUSED_FUNCTION = YES;
				GCC_WARN_UNUSED_VARIABLE = YES;
				IPHONEOS_DEPLOYMENT_TARGET = 16.4;
				MTL_ENABLE_DEBUG_INFO = NO;
				MTL_FAST_MATH = YES;
				SDKROOT = iphoneos;
				SWIFT_COMPILATION_MODE = wholemodule;
				SWIFT_OPTIMIZATION_LEVEL = "-O";
				VALIDATE_PRODUCT = YES;
			};
			name = Release;
		};
		130308F52A991BDB009B3B71 /* Debug */ = {
			isa = XCBuildConfiguration;
			buildSettings = {
				ASSETCATALOG_COMPILER_APPICON_NAME = AppIcon;
				ASSETCATALOG_COMPILER_GLOBAL_ACCENT_COLOR_NAME = AccentColor;
				CODE_SIGN_STYLE = Automatic;
				CURRENT_PROJECT_VERSION = 1;
				DEVELOPMENT_ASSET_PATHS = "\"Bookshelf/Preview Content\"";
				DEVELOPMENT_TEAM = KHNX7WLG9Z;
				ENABLE_PREVIEWS = YES;
				GENERATE_INFOPLIST_FILE = YES;
				INFOPLIST_KEY_UIApplicationSceneManifest_Generation = YES;
				INFOPLIST_KEY_UIApplicationSupportsIndirectInputEvents = YES;
				INFOPLIST_KEY_UILaunchScreen_Generation = YES;
				INFOPLIST_KEY_UISupportedInterfaceOrientations_iPad = "UIInterfaceOrientationPortrait UIInterfaceOrientationPortraitUpsideDown UIInterfaceOrientationLandscapeLeft UIInterfaceOrientationLandscapeRight";
				INFOPLIST_KEY_UISupportedInterfaceOrientations_iPhone = "UIInterfaceOrientationPortrait UIInterfaceOrientationLandscapeLeft UIInterfaceOrientationLandscapeRight";
				LD_RUNPATH_SEARCH_PATHS = (
					"$(inherited)",
					"@executable_path/Frameworks",
				);
				MARKETING_VERSION = 1.0;
				PRODUCT_BUNDLE_IDENTIFIER = io.brennan.jayson.Bookshelf;
				PRODUCT_NAME = "$(TARGET_NAME)";
				SWIFT_EMIT_LOC_STRINGS = YES;
				SWIFT_VERSION = 5.0;
				TARGETED_DEVICE_FAMILY = "1,2";
			};
			name = Debug;
		};
		130308F62A991BDB009B3B71 /* Release */ = {
			isa = XCBuildConfiguration;
			buildSettings = {
				ASSETCATALOG_COMPILER_APPICON_NAME = AppIcon;
				ASSETCATALOG_COMPILER_GLOBAL_ACCENT_COLOR_NAME = AccentColor;
				CODE_SIGN_STYLE = Automatic;
				CURRENT_PROJECT_VERSION = 1;
				DEVELOPMENT_ASSET_PATHS = "\"Bookshelf/Preview Content\"";
				DEVELOPMENT_TEAM = KHNX7WLG9Z;
				ENABLE_PREVIEWS = YES;
				GENERATE_INFOPLIST_FILE = YES;
				INFOPLIST_KEY_UIApplicationSceneManifest_Generation = YES;
				INFOPLIST_KEY_UIApplicationSupportsIndirectInputEvents = YES;
				INFOPLIST_KEY_UILaunchScreen_Generation = YES;
				INFOPLIST_KEY_UISupportedInterfaceOrientations_iPad = "UIInterfaceOrientationPortrait UIInterfaceOrientationPortraitUpsideDown UIInterfaceOrientationLandscapeLeft UIInterfaceOrientationLandscapeRight";
				INFOPLIST_KEY_UISupportedInterfaceOrientations_iPhone = "UIInterfaceOrientationPortrait UIInterfaceOrientationLandscapeLeft UIInterfaceOrientationLandscapeRight";
				LD_RUNPATH_SEARCH_PATHS = (
					"$(inherited)",
					"@executable_path/Frameworks",
				);
				MARKETING_VERSION = 1.0;
				PRODUCT_BUNDLE_IDENTIFIER = io.brennan.jayson.Bookshelf;
				PRODUCT_NAME = "$(TARGET_NAME)";
				SWIFT_EMIT_LOC_STRINGS = YES;
				SWIFT_VERSION = 5.0;
				TARGETED_DEVICE_FAMILY = "1,2";
			};
			name = Release;
		};
		130308F82A991BDB009B3B71 /* Debug */ = {
			isa = XCBuildConfiguration;
			buildSettings = {
				ALWAYS_EMBED_SWIFT_STANDARD_LIBRARIES = YES;
				BUNDLE_LOADER = "$(TEST_HOST)";
				CODE_SIGN_STYLE = Automatic;
				CURRENT_PROJECT_VERSION = 1;
				DEVELOPMENT_TEAM = KHNX7WLG9Z;
				GENERATE_INFOPLIST_FILE = YES;
				IPHONEOS_DEPLOYMENT_TARGET = 16.4;
				MARKETING_VERSION = 1.0;
				PRODUCT_BUNDLE_IDENTIFIER = io.brennan.jayson.BookshelfTests;
				PRODUCT_NAME = "$(TARGET_NAME)";
				SWIFT_EMIT_LOC_STRINGS = NO;
				SWIFT_VERSION = 5.0;
				TARGETED_DEVICE_FAMILY = "1,2";
				TEST_HOST = "$(BUILT_PRODUCTS_DIR)/Bookshelf.app/$(BUNDLE_EXECUTABLE_FOLDER_PATH)/Bookshelf";
			};
			name = Debug;
		};
		130308F92A991BDB009B3B71 /* Release */ = {
			isa = XCBuildConfiguration;
			buildSettings = {
				ALWAYS_EMBED_SWIFT_STANDARD_LIBRARIES = YES;
				BUNDLE_LOADER = "$(TEST_HOST)";
				CODE_SIGN_STYLE = Automatic;
				CURRENT_PROJECT_VERSION = 1;
				DEVELOPMENT_TEAM = KHNX7WLG9Z;
				GENERATE_INFOPLIST_FILE = YES;
				IPHONEOS_DEPLOYMENT_TARGET = 16.4;
				MARKETING_VERSION = 1.0;
				PRODUCT_BUNDLE_IDENTIFIER = io.brennan.jayson.BookshelfTests;
				PRODUCT_NAME = "$(TARGET_NAME)";
				SWIFT_EMIT_LOC_STRINGS = NO;
				SWIFT_VERSION = 5.0;
				TARGETED_DEVICE_FAMILY = "1,2";
				TEST_HOST = "$(BUILT_PRODUCTS_DIR)/Bookshelf.app/$(BUNDLE_EXECUTABLE_FOLDER_PATH)/Bookshelf";
			};
			name = Release;
		};
		130308FB2A991BDB009B3B71 /* Debug */ = {
			isa = XCBuildConfiguration;
			buildSettings = {
				ALWAYS_EMBED_SWIFT_STANDARD_LIBRARIES = YES;
				CODE_SIGN_STYLE = Automatic;
				CURRENT_PROJECT_VERSION = 1;
				DEVELOPMENT_TEAM = KHNX7WLG9Z;
				GENERATE_INFOPLIST_FILE = YES;
				MARKETING_VERSION = 1.0;
				PRODUCT_BUNDLE_IDENTIFIER = io.brennan.jayson.BookshelfUITests;
				PRODUCT_NAME = "$(TARGET_NAME)";
				SWIFT_EMIT_LOC_STRINGS = NO;
				SWIFT_VERSION = 5.0;
				TARGETED_DEVICE_FAMILY = "1,2";
				TEST_TARGET_NAME = Bookshelf;
			};
			name = Debug;
		};
		130308FC2A991BDB009B3B71 /* Release */ = {
			isa = XCBuildConfiguration;
			buildSettings = {
				ALWAYS_EMBED_SWIFT_STANDARD_LIBRARIES = YES;
				CODE_SIGN_STYLE = Automatic;
				CURRENT_PROJECT_VERSION = 1;
				DEVELOPMENT_TEAM = KHNX7WLG9Z;
				GENERATE_INFOPLIST_FILE = YES;
				MARKETING_VERSION = 1.0;
				PRODUCT_BUNDLE_IDENTIFIER = io.brennan.jayson.BookshelfUITests;
				PRODUCT_NAME = "$(TARGET_NAME)";
				SWIFT_EMIT_LOC_STRINGS = NO;
				SWIFT_VERSION = 5.0;
				TARGETED_DEVICE_FAMILY = "1,2";
				TEST_TARGET_NAME = Bookshelf;
			};
			name = Release;
		};
/* End XCBuildConfiguration section */

/* Begin XCConfigurationList section */
		130308CB2A991BDA009B3B71 /* Build configuration list for PBXProject "Bookshelf" */ = {
			isa = XCConfigurationList;
			buildConfigurations = (
				130308F22A991BDB009B3B71 /* Debug */,
				130308F32A991BDB009B3B71 /* Release */,
			);
			defaultConfigurationIsVisible = 0;
			defaultConfigurationName = Release;
		};
		130308F42A991BDB009B3B71 /* Build configuration list for PBXNativeTarget "Bookshelf" */ = {
			isa = XCConfigurationList;
			buildConfigurations = (
				130308F52A991BDB009B3B71 /* Debug */,
				130308F62A991BDB009B3B71 /* Release */,
			);
			defaultConfigurationIsVisible = 0;
			defaultConfigurationName = Release;
		};
		130308F72A991BDB009B3B71 /* Build configuration list for PBXNativeTarget "BookshelfTests" */ = {
			isa = XCConfigurationList;
			buildConfigurations = (
				130308F82A991BDB009B3B71 /* Debug */,
				130308F92A991BDB009B3B71 /* Release */,
			);
			defaultConfigurationIsVisible = 0;
			defaultConfigurationName = Release;
		};
		130308FA2A991BDB009B3B71 /* Build configuration list for PBXNativeTarget "BookshelfUITests" */ = {
			isa = XCConfigurationList;
			buildConfigurations = (
				130308FB2A991BDB009B3B71 /* Debug */,
				130308FC2A991BDB009B3B71 /* Release */,
			);
			defaultConfigurationIsVisible = 0;
			defaultConfigurationName = Release;
		};
/* End XCConfigurationList section */
	};
	rootObject = 130308C82A991BDA009B3B71 /* Project object */;
}
